
Microsoft Visual Studio Solution File, Format Version 12.00
# Visual Studio Version 17
VisualStudioVersion = 17.14.37111.16 d17.14
MinimumVisualStudioVersion = 10.0.40219.1
Project("{FAE04EC0-301F-11D3-BF4B-00C04F79EFBC}") = "Trabalho-Daniel-Locadora-veiculo", "Trabalho-Daniel-Locadora-veiculo.csproj", "{351F7439-1960-4AF7-A119-88C7559ED9A1}"
EndProject
Global
	GlobalSection(SolutionConfigurationPlatforms) = preSolution
		Debug|Any CPU = Debug|Any CPU
		Release|Any CPU = Release|Any CPU
	EndGlobalSection
	GlobalSection(ProjectConfigurationPlatforms) = postSolution
		{351F7439-1960-4AF7-A119-88C7559ED9A1}.Debug|Any CPU.ActiveCfg = Debug|Any CPU
		{351F7439-1960-4AF7-A119-88C7559ED9A1}.Debug|Any CPU.Build.0 = Debug|Any CPU
		{351F7439-1960-4AF7-A119-88C7559ED9A1}.Release|Any CPU.ActiveCfg = Release|Any CPU
		{351F7439-1960-4AF7-A119-88C7559ED9A1}.Release|Any CPU.Build.0 = Release|Any CPU
	EndGlobalSection
	GlobalSection(SolutionProperties) = preSolution
		HideSolutionNode = FALSE
	EndGlobalSection
	GlobalSection(ExtensibilityGlobals) = postSolution
		SolutionGuid = {2A7524E8-DD9C-46B8-A289-E1E05075EDFB}
	EndGlobalSection
EndGlobal
